// !$*UTF8*$!
{
	archiveVersion = 1;
	classes = {
	};
	objectVersion = 77;
	objects = {

/* Begin PBXBuildFile section */
		1B5F5723301C36F00097E205 /* AppDelegate.swift in Sources */ = {isa = PBXBuildFile; fileRef = 1B5F570C301C36F00097E205 /* AppDelegate.swift */; };
		1B5F5724301C36F00097E205 /* PixelArt.swift in Sources */ = {isa = PBXBuildFile; fileRef = 1B5F5714301C36F00097E205 /* PixelArt.swift */; };
		1B5F5725301C36F00097E205 /* SpriteWindow.swift in Sources */ = {isa = PBXBuildFile; fileRef = 1B5F570E301C36F00097E205 /* SpriteWindow.swift */; };
		1B5F5726301C36F00097E205 /* SpriteProvider.swift in Sources */ = {isa = PBXBuildFile; fileRef = 1B5F5716301C36F00097E205 /* SpriteProvider.swift */; };
		1B5F5727301C36F00097E205 /* PlaceholderSprite.swift in Sources */ = {isa = PBXBuildFile; fileRef = 1B5F5715301C36F00097E205 /* PlaceholderSprite.swift */; };
		1B5F5728301C36F00097E205 /* MouseTracker.swift in Sources */ = {isa = PBXBuildFile; fileRef = 1B5F571C301C36F00097E205 /* MouseTracker.swift */; };
		1B5F5729301C36F00097E205 /* SpriteAction.swift in Sources */ = {isa = PBXBuildFile; fileRef = 1B5F570A301C36F00097E205 /* SpriteAction.swift */; };
		1B5F572A301C36F00097E205 /* SpriteViewModel.swift in Sources */ = {isa = PBXBuildFile; fileRef = 1B5F571D301C36F00097E205 /* SpriteViewModel.swift */; };
		1B5F572B301C36F00097E205 /* SpriteState.swift in Sources */ = {isa = PBXBuildFile; fileRef = 1B5F5711301C36F00097E205 /* SpriteState.swift */; };
		1B5F572C301C36F00097E205 /* SpriteConfiguration.swift in Sources */ = {isa = PBXBuildFile; fileRef = 1B5F5710301C36F00097E205 /* SpriteConfiguration.swift */; };
		1B5F572D301C36F00097E205 /* DesktopSpriteView.swift in Sources */ = {isa = PBXBuildFile; fileRef = 1B5F5713301C36F00097E205 /* DesktopSpriteView.swift */; };
		1B5F572E301C36F00097E205 /* ScreenGeometry.swift in Sources */ = {isa = PBXBuildFile; fileRef = 1B5F571A301C36F00097E205 /* ScreenGeometry.swift */; };
		1B5F572F301C36F00097E205 /* BuiltInActions.swift in Sources */ = {isa = PBXBuildFile; fileRef = 1B5F5709301C36F00097E205 /* BuiltInActions.swift */; };
		1B5F5730301C36F00097E205 /* DesktopSpriteApp.swift in Sources */ = {isa = PBXBuildFile; fileRef = 1B5F570D301C36F00097E205 /* DesktopSpriteApp.swift */; };
		1B5F5731301C36F00097E205 /* SpriteSheetLibrary.swift in Sources */ = {isa = PBXBuildFile; fileRef = 1B5F5717301C36F00097E205 /* SpriteSheetLibrary.swift */; };
		1BC1A002301C36F00097E205 /* AnimationClip.swift in Sources */ = {isa = PBXBuildFile; fileRef = 1BC1A001301C36F00097E205 /* AnimationClip.swift */; };
		1BC1A004301C36F00097E205 /* Animations.json in Resources */ = {isa = PBXBuildFile; fileRef = 1BC1A003301C36F00097E205 /* Animations.json */; };
		1B5F5732301C36F00097E205 /* LoginItemController.swift in Sources */ = {isa = PBXBuildFile; fileRef = 1B5F5719301C36F00097E205 /* LoginItemController.swift */; };
		1B817B383022DDC800E2E7B9 /* SpriteSheet.png in Resources */ = {isa = PBXBuildFile; fileRef = 1B817B363022DDC800E2E7B9 /* SpriteSheet.png */; };
/* End PBXBuildFile section */

/* Begin PBXFileReference section */
		1B5F56FB301C36B60097E205 /* DesktopSprite.app */ = {isa = PBXFileReference; explicitFileType = wrapper.application; includeInIndex = 0; path = DesktopSprite.app; sourceTree = BUILT_PRODUCTS_DIR; };
		1B5F5709301C36F00097E205 /* BuiltInActions.swift */ = {isa = PBXFileReference; lastKnownFileType = sourcecode.swift; path = BuiltInActions.swift; sourceTree = "<group>"; };
		1B5F570A301C36F00097E205 /* SpriteAction.swift */ = {isa = PBXFileReference; lastKnownFileType = sourcecode.swift; path = SpriteAction.swift; sourceTree = "<group>"; };
		1B5F570C301C36F00097E205 /* AppDelegate.swift */ = {isa = PBXFileReference; lastKnownFileType = sourcecode.swift; path = AppDelegate.swift; sourceTree = "<group>"; };
		1B5F570D301C36F00097E205 /* DesktopSpriteApp.swift */ = {isa = PBXFileReference; lastKnownFileType = sourcecode.swift; path = DesktopSpriteApp.swift; sourceTree = "<group>"; };
		1B5F570E301C36F00097E205 /* SpriteWindow.swift */ = {isa = PBXFileReference; lastKnownFileType = sourcecode.swift; path = SpriteWindow.swift; sourceTree = "<group>"; };
		1B5F5710301C36F00097E205 /* SpriteConfiguration.swift */ = {isa = PBXFileReference; lastKnownFileType = sourcecode.swift; path = SpriteConfiguration.swift; sourceTree = "<group>"; };
		1B5F5711301C36F00097E205 /* SpriteState.swift */ = {isa = PBXFileReference; lastKnownFileType = sourcecode.swift; path = SpriteState.swift; sourceTree = "<group>"; };
		1B5F5713301C36F00097E205 /* DesktopSpriteView.swift */ = {isa = PBXFileReference; lastKnownFileType = sourcecode.swift; path = DesktopSpriteView.swift; sourceTree = "<group>"; };
		1B5F5714301C36F00097E205 /* PixelArt.swift */ = {isa = PBXFileReference; lastKnownFileType = sourcecode.swift; path = PixelArt.swift; sourceTree = "<group>"; };
		1B5F5715301C36F00097E205 /* PlaceholderSprite.swift */ = {isa = PBXFileReference; lastKnownFileType = sourcecode.swift; path = PlaceholderSprite.swift; sourceTree = "<group>"; };
		1B5F5716301C36F00097E205 /* SpriteProvider.swift */ = {isa = PBXFileReference; lastKnownFileType = sourcecode.swift; path = SpriteProvider.swift; sourceTree = "<group>"; };
		1B5F5717301C36F00097E205 /* SpriteSheetLibrary.swift */ = {isa = PBXFileReference; lastKnownFileType = sourcecode.swift; path = SpriteSheetLibrary.swift; sourceTree = "<group>"; };
		1BC1A001301C36F00097E205 /* AnimationClip.swift */ = {isa = PBXFileReference; lastKnownFileType = sourcecode.swift; path = AnimationClip.swift; sourceTree = "<group>"; };
		1BC1A003301C36F00097E205 /* Animations.json */ = {isa = PBXFileReference; lastKnownFileType = text.json; path = Animations.json; sourceTree = "<group>"; };
		1B5F5719301C36F00097E205 /* LoginItemController.swift */ = {isa = PBXFileReference; lastKnownFileType = sourcecode.swift; path = LoginItemController.swift; sourceTree = "<group>"; };
		1B5F571A301C36F00097E205 /* ScreenGeometry.swift */ = {isa = PBXFileReference; lastKnownFileType = sourcecode.swift; path = ScreenGeometry.swift; sourceTree = "<group>"; };
		1B5F571C301C36F00097E205 /* MouseTracker.swift */ = {isa = PBXFileReference; lastKnownFileType = sourcecode.swift; path = MouseTracker.swift; sourceTree = "<group>"; };
		1B5F571D301C36F00097E205 /* SpriteViewModel.swift */ = {isa = PBXFileReference; lastKnownFileType = sourcecode.swift; path = SpriteViewModel.swift; sourceTree = "<group>"; };
		1B817B363022DDC800E2E7B9 /* SpriteSheet.png */ = {isa = PBXFileReference; lastKnownFileType = image.png; path = SpriteSheet.png; sourceTree = "<group>"; };
/* End PBXFileReference section */

/* Begin PBXFrameworksBuildPhase section */
		1B5F56F8301C36B60097E205 /* Frameworks */ = {
			isa = PBXFrameworksBuildPhase;
			buildActionMask = 2147483647;
			files = (
			);
			runOnlyForDeploymentPostprocessing = 0;
		};
/* End PBXFrameworksBuildPhase section */

/* Begin PBXGroup section */
		1B5F56F2301C36B60097E205 = {
			isa = PBXGroup;
			children = (
				1B5F5722301C36F00097E205 /* Sources */,
				1B5F56FC301C36B60097E205 /* Products */,
			);
			sourceTree = "<group>";
		};
		1B5F56FC301C36B60097E205 /* Products */ = {
			isa = PBXGroup;
			children = (
				1B5F56FB301C36B60097E205 /* DesktopSprite.app */,
			);
			name = Products;
			sourceTree = "<group>";
		};
		1B5F570B301C36F00097E205 /* Actions */ = {
			isa = PBXGroup;
			children = (
				1B5F5709301C36F00097E205 /* BuiltInActions.swift */,
				1B5F570A301C36F00097E205 /* SpriteAction.swift */,
			);
			path = Actions;
			sourceTree = "<group>";
		};
		1B5F570F301C36F00097E205 /* App */ = {
			isa = PBXGroup;
			children = (
				1B5F570C301C36F00097E205 /* AppDelegate.swift */,
				1B5F570D301C36F00097E205 /* DesktopSpriteApp.swift */,
				1B5F570E301C36F00097E205 /* SpriteWindow.swift */,
			);
			path = App;
			sourceTree = "<group>";
		};
		1B5F5712301C36F00097E205 /* Model */ = {
			isa = PBXGroup;
			children = (
				1BC1A001301C36F00097E205 /* AnimationClip.swift */,
				1B5F5710301C36F00097E205 /* SpriteConfiguration.swift */,
				1B5F5711301C36F00097E205 /* SpriteState.swift */,
			);
			path = Model;
			sourceTree = "<group>";
		};
		1B5F5718301C36F00097E205 /* Rendering */ = {
			isa = PBXGroup;
			children = (
				1B5F5713301C36F00097E205 /* DesktopSpriteView.swift */,
				1B5F5714301C36F00097E205 /* PixelArt.swift */,
				1B5F5715301C36F00097E205 /* PlaceholderSprite.swift */,
				1B5F5716301C36F00097E205 /* SpriteProvider.swift */,
				1B5F5717301C36F00097E205 /* SpriteSheetLibrary.swift */,
			);
			path = Rendering;
			sourceTree = "<group>";
		};
		1B5F571B301C36F00097E205 /* Support */ = {
			isa = PBXGroup;
			children = (
				1B5F5719301C36F00097E205 /* LoginItemController.swift */,
				1B5F571A301C36F00097E205 /* ScreenGeometry.swift */,
			);
			path = Support;
			sourceTree = "<group>";
		};
		1B5F571E301C36F00097E205 /* ViewModel */ = {
			isa = PBXGroup;
			children = (
				1B5F571C301C36F00097E205 /* MouseTracker.swift */,
				1B5F571D301C36F00097E205 /* SpriteViewModel.swift */,
			);
			path = ViewModel;
			sourceTree = "<group>";
		};
		1B5F5721301C36F00097E205 /* DesktopSprite */ = {
			isa = PBXGroup;
			children = (
				1B5F570B301C36F00097E205 /* Actions */,
				1B5F570F301C36F00097E205 /* App */,
				1B5F5712301C36F00097E205 /* Model */,
				1B5F5718301C36F00097E205 /* Rendering */,
				1B5F571B301C36F00097E205 /* Support */,
				1B5F571E301C36F00097E205 /* ViewModel */,
				1B817B373022DDC800E2E7B9 /* Resources */,
			);
			path = DesktopSprite;
			sourceTree = "<group>";
		};
		1B5F5722301C36F00097E205 /* Sources */ = {
			isa = PBXGroup;
			children = (
				1B5F5721301C36F00097E205 /* DesktopSprite */,
			);
			name = Sources;
			path = ../Sources;
			sourceTree = SOURCE_ROOT;
		};
		1B817B373022DDC800E2E7B9 /* Resources */ = {
			isa = PBXGroup;
			children = (
				1BC1A003301C36F00097E205 /* Animations.json */,
				1B817B363022DDC800E2E7B9 /* SpriteSheet.png */,
			);
			path = Resources;
			sourceTree = "<group>";
		};
/* End PBXGroup section */

/* Begin PBXNativeTarget section */
		1B5F56FA301C36B60097E205 /* DesktopSprite */ = {
			isa = PBXNativeTarget;
			buildConfigurationList = 1B5F5706301C36B70097E205 /* Build configuration list for PBXNativeTarget "DesktopSprite" */;
			buildPhases = (
				1B5F56F7301C36B60097E205 /* Sources */,
				1B5F56F8301C36B60097E205 /* Frameworks */,
				1B5F56F9301C36B60097E205 /* Resources */,
			);
			buildRules = (
			);
			dependencies = (
			);
			name = DesktopSprite;
			packageProductDependencies = (
			);
			productName = DesktopSprite;
			productReference = 1B5F56FB301C36B60097E205 /* DesktopSprite.app */;
			productType = "com.apple.product-type.application";
		};
/* End PBXNativeTarget section */

/* Begin PBXProject section */
		1B5F56F3301C36B60097E205 /* Project object */ = {
			isa = PBXProject;
			attributes = {
				BuildIndependentTargetsInParallel = 1;
				LastSwiftUpdateCheck = 2660;
				LastUpgradeCheck = 2660;
				TargetAttributes = {
					1B5F56FA301C36B60097E205 = {
						CreatedOnToolsVersion = 26.6;
					};
				};
			};
			buildConfigurationList = 1B5F56F6301C36B60097E205 /* Build configuration list for PBXProject "DesktopSprite" */;
			developmentRegion = en;
			hasScannedForEncodings = 0;
			knownRegions = (
				en,
				Base,
			);
			mainGroup = 1B5F56F2301C36B60097E205;
			minimizedProjectReferenceProxies = 1;
			preferredProjectObjectVersion = 77;
			productRefGroup = 1B5F56FC301C36B60097E205 /* Products */;
			projectDirPath = "";
			projectRoot = "";
			targets = (
				1B5F56FA301C36B60097E205 /* DesktopSprite */,
			);
		};
/* End PBXProject section */

/* Begin PBXResourcesBuildPhase section */
		1B5F56F9301C36B60097E205 /* Resources */ = {
			isa = PBXResourcesBuildPhase;
			buildActionMask = 2147483647;
			files = (
				1B817B383022DDC800E2E7B9 /* SpriteSheet.png in Resources */,
				1BC1A004301C36F00097E205 /* Animations.json in Resources */,
			);
			runOnlyForDeploymentPostprocessing = 0;
		};
/* End PBXResourcesBuildPhase section */

/* Begin PBXSourcesBuildPhase section */
		1B5F56F7301C36B60097E205 /* Sources */ = {
			isa = PBXSourcesBuildPhase;
			buildActionMask = 2147483647;
			files = (
				1B5F5723301C36F00097E205 /* AppDelegate.swift in Sources */,
				1B5F5724301C36F00097E205 /* PixelArt.swift in Sources */,
				1B5F5725301C36F00097E205 /* SpriteWindow.swift in Sources */,
				1B5F5726301C36F00097E205 /* SpriteProvider.swift in Sources */,
				1B5F5727301C36F00097E205 /* PlaceholderSprite.swift in Sources */,
				1B5F5728301C36F00097E205 /* MouseTracker.swift in Sources */,
				1B5F5729301C36F00097E205 /* SpriteAction.swift in Sources */,
				1B5F572A301C36F00097E205 /* SpriteViewModel.swift in Sources */,
				1B5F572B301C36F00097E205 /* SpriteState.swift in Sources */,
				1B5F572C301C36F00097E205 /* SpriteConfiguration.swift in Sources */,
				1B5F572D301C36F00097E205 /* DesktopSpriteView.swift in Sources */,
				1B5F572E301C36F00097E205 /* ScreenGeometry.swift in Sources */,
				1B5F572F301C36F00097E205 /* BuiltInActions.swift in Sources */,
				1B5F5730301C36F00097E205 /* DesktopSpriteApp.swift in Sources */,
				1B5F5731301C36F00097E205 /* SpriteSheetLibrary.swift in Sources */,
				1BC1A002301C36F00097E205 /* AnimationClip.swift in Sources */,
				1B5F5732301C36F00097E205 /* LoginItemController.swift in Sources */,
			);
			runOnlyForDeploymentPostprocessing = 0;
		};
/* End PBXSourcesBuildPhase section */

/* Begin XCBuildConfiguration section */
		1B5F5704301C36B70097E205 /* Debug */ = {
			isa = XCBuildConfiguration;
			buildSettings = {
				ALWAYS_SEARCH_USER_PATHS = NO;
				ASSETCATALOG_COMPILER_GENERATE_SWIFT_ASSET_SYMBOL_EXTENSIONS = YES;
				CLANG_ANALYZER_NONNULL = YES;
				CLANG_ANALYZER_NUMBER_OBJECT_CONVERSION = YES_AGGRESSIVE;
				CLANG_CXX_LANGUAGE_STANDARD = "gnu++20";
				CLANG_ENABLE_MODULES = YES;
				CLANG_ENABLE_OBJC_ARC = YES;
				CLANG_ENABLE_OBJC_WEAK = YES;
				CLANG_WARN_BLOCK_CAPTURE_AUTORELEASING = YES;
				CLANG_WARN_BOOL_CONVERSION = YES;
				CLANG_WARN_COMMA = YES;
				CLANG_WARN_CONSTANT_CONVERSION = YES;
				CLANG_WARN_DEPRECATED_OBJC_IMPLEMENTATIONS = YES;
				CLANG_WARN_DIRECT_OBJC_ISA_USAGE = YES_ERROR;
				CLANG_WARN_DOCUMENTATION_COMMENTS = YES;
				CLANG_WARN_EMPTY_BODY = YES;
				CLANG_WARN_ENUM_CONVERSION = YES;
				CLANG_WARN_INFINITE_RECURSION = YES;
				CLANG_WARN_INT_CONVERSION = YES;
				CLANG_WARN_NON_LITERAL_NULL_CONVERSION = YES;
				CLANG_WARN_OBJC_IMPLICIT_RETAIN_SELF = YES;
				CLANG_WARN_OBJC_LITERAL_CONVERSION = YES;
				CLANG_WARN_OBJC_ROOT_CLASS = YES_ERROR;
				CLANG_WARN_QUOTED_INCLUDE_IN_FRAMEWORK_HEADER = YES;
				CLANG_WARN_RANGE_LOOP_ANALYSIS = YES;
				CLANG_WARN_STRICT_PROTOTYPES = YES;
				CLANG_WARN_SUSPICIOUS_MOVE = YES;
				CLANG_WARN_UNGUARDED_AVAILABILITY = YES_AGGRESSIVE;
				CLANG_WARN_UNREACHABLE_CODE = YES;
				CLANG_WARN__DUPLICATE_METHOD_MATCH = YES;
				COPY_PHASE_STRIP = NO;
				DEBUG_INFORMATION_FORMAT = dwarf;
				DEVELOPMENT_TEAM = RY25JQSDD4;
				ENABLE_STRICT_OBJC_MSGSEND = YES;
				ENABLE_TESTABILITY = YES;
				ENABLE_USER_SCRIPT_SANDBOXING = YES;
				GCC_C_LANGUAGE_STANDARD = gnu17;
				GCC_DYNAMIC_NO_PIC = NO;
				GCC_NO_COMMON_BLOCKS = YES;
				GCC_OPTIMIZATION_LEVEL = 0;
				GCC_PREPROCESSOR_DEFINITIONS = (
					"DEBUG=1",
					"$(inherited)",
				);
				GCC_WARN_64_TO_32_BIT_CONVERSION = YES;
				GCC_WARN_ABOUT_RETURN_TYPE = YES_ERROR;
				GCC_WARN_UNDECLARED_SELECTOR = YES;
				GCC_WARN_UNINITIALIZED_AUTOS = YES_AGGRESSIVE;
				GCC_WARN_UNUSED_FUNCTION = YES;
				GCC_WARN_UNUSED_VARIABLE = YES;
				LOCALIZATION_PREFERS_STRING_CATALOGS = YES;
				MACOSX_DEPLOYMENT_TARGET = 26.5;
				MTL_ENABLE_DEBUG_INFO = INCLUDE_SOURCE;
				MTL_FAST_MATH = YES;
				ONLY_ACTIVE_ARCH = YES;
				SDKROOT = macosx;
				SWIFT_ACTIVE_COMPILATION_CONDITIONS = "DEBUG $(inherited)";
				SWIFT_OPTIMIZATION_LEVEL = "-Onone";
			};
			name = Debug;
		};
		1B5F5705301C36B70097E205 /* Release */ = {
			isa = XCBuildConfiguration;
			buildSettings = {
				ALWAYS_SEARCH_USER_PATHS = NO;
				ASSETCATALOG_COMPILER_GENERATE_SWIFT_ASSET_SYMBOL_EXTENSIONS = YES;
				CLANG_ANALYZER_NONNULL = YES;
				CLANG_ANALYZER_NUMBER_OBJECT_CONVERSION = YES_AGGRESSIVE;
				CLANG_CXX_LANGUAGE_STANDARD = "gnu++20";
				CLANG_ENABLE_MODULES = YES;
				CLANG_ENABLE_OBJC_ARC = YES;
				CLANG_ENABLE_OBJC_WEAK = YES;
				CLANG_WARN_BLOCK_CAPTURE_AUTORELEASING = YES;
				CLANG_WARN_BOOL_CONVERSION = YES;
				CLANG_WARN_COMMA = YES;
				CLANG_WARN_CONSTANT_CONVERSION = YES;
				CLANG_WARN_DEPRECATED_OBJC_IMPLEMENTATIONS = YES;
				CLANG_WARN_DIRECT_OBJC_ISA_USAGE = YES_ERROR;
				CLANG_WARN_DOCUMENTATION_COMMENTS = YES;
				CLANG_WARN_EMPTY_BODY = YES;
				CLANG_WARN_ENUM_CONVERSION = YES;
				CLANG_WARN_INFINITE_RECURSION = YES;
				CLANG_WARN_INT_CONVERSION = YES;
				CLANG_WARN_NON_LITERAL_NULL_CONVERSION = YES;
				CLANG_WARN_OBJC_IMPLICIT_RETAIN_SELF = YES;
				CLANG_WARN_OBJC_LITERAL_CONVERSION = YES;
				CLANG_WARN_OBJC_ROOT_CLASS = YES_ERROR;
				CLANG_WARN_QUOTED_INCLUDE_IN_FRAMEWORK_HEADER = YES;
				CLANG_WARN_RANGE_LOOP_ANALYSIS = YES;
				CLANG_WARN_STRICT_PROTOTYPES = YES;
				CLANG_WARN_SUSPICIOUS_MOVE = YES;
				CLANG_WARN_UNGUARDED_AVAILABILITY = YES_AGGRESSIVE;
				CLANG_WARN_UNREACHABLE_CODE = YES;
				CLANG_WARN__DUPLICATE_METHOD_MATCH = YES;
				COPY_PHASE_STRIP = NO;
				DEBUG_INFORMATION_FORMAT = "dwarf-with-dsym";
				DEVELOPMENT_TEAM = RY25JQSDD4;
				ENABLE_NS_ASSERTIONS = NO;
				ENABLE_STRICT_OBJC_MSGSEND = YES;
				ENABLE_USER_SCRIPT_SANDBOXING = YES;
				GCC_C_LANGUAGE_STANDARD = gnu17;
				GCC_NO_COMMON_BLOCKS = YES;
				GCC_WARN_64_TO_32_BIT_CONVERSION = YES;
				GCC_WARN_ABOUT_RETURN_TYPE = YES_ERROR;
				GCC_WARN_UNDECLARED_SELECTOR = YES;
				GCC_WARN_UNINITIALIZED_AUTOS = YES_AGGRESSIVE;
				GCC_WARN_UNUSED_FUNCTION = YES;
				GCC_WARN_UNUSED_VARIABLE = YES;
				LOCALIZATION_PREFERS_STRING_CATALOGS = YES;
				MACOSX_DEPLOYMENT_TARGET = 26.5;
				MTL_ENABLE_DEBUG_INFO = NO;
				MTL_FAST_MATH = YES;
				SDKROOT = macosx;
				SWIFT_COMPILATION_MODE = wholemodule;
			};
			name = Release;
		};
		1B5F5707301C36B70097E205 /* Debug */ = {
			isa = XCBuildConfiguration;
			buildSettings = {
				ASSETCATALOG_COMPILER_APPICON_NAME = AppIcon;
				ASSETCATALOG_COMPILER_GLOBAL_ACCENT_COLOR_NAME = AccentColor;
				CODE_SIGN_ENTITLEMENTS = ../Sources/DesktopSprite/DesktopSprite.entitlements;
				CODE_SIGN_STYLE = Automatic;
				COMBINE_HIDPI_IMAGES = YES;
				CURRENT_PROJECT_VERSION = 1;
				DEVELOPMENT_TEAM = RY25JQSDD4;
				ENABLE_APP_SANDBOX = YES;
				ENABLE_HARDENED_RUNTIME = YES;
				ENABLE_PREVIEWS = YES;
				ENABLE_USER_SELECTED_FILES = readonly;
				GENERATE_INFOPLIST_FILE = NO;
				INFOPLIST_FILE = ../Sources/DesktopSprite/Info.plist;
				INFOPLIST_KEY_NSHumanReadableCopyright = "";
				LD_RUNPATH_SEARCH_PATHS = (
					"$(inherited)",
					"@executable_path/../Frameworks",
				);
				MACOSX_DEPLOYMENT_TARGET = 13.5;
				MARKETING_VERSION = 1.0;
				PRODUCT_BUNDLE_IDENTIFIER = sayge.dev.DesktopSprite;
				PRODUCT_NAME = "$(TARGET_NAME)";
				REGISTER_APP_GROUPS = YES;
				STRING_CATALOG_GENERATE_SYMBOLS = YES;
				SWIFT_APPROACHABLE_CONCURRENCY = YES;
				SWIFT_DEFAULT_ACTOR_ISOLATION = MainActor;
				SWIFT_EMIT_LOC_STRINGS = YES;
				SWIFT_UPCOMING_FEATURE_MEMBER_IMPORT_VISIBILITY = YES;
				SWIFT_VERSION = 5.0;
			};
			name = Debug;
		};
		1B5F5708301C36B70097E205 /* Release */ = {
			isa = XCBuildConfiguration;
			buildSettings = {
				ASSETCATALOG_COMPILER_APPICON_NAME = AppIcon;
				ASSETCATALOG_COMPILER_GLOBAL_ACCENT_COLOR_NAME = AccentColor;
				CODE_SIGN_ENTITLEMENTS = ../Sources/DesktopSprite/DesktopSprite.entitlements;
				CODE_SIGN_STYLE = Automatic;
				COMBINE_HIDPI_IMAGES = YES;
				CURRENT_PROJECT_VERSION = 1;
				DEVELOPMENT_TEAM = RY25JQSDD4;
				ENABLE_APP_SANDBOX = YES;
				ENABLE_HARDENED_RUNTIME = YES;
				ENABLE_PREVIEWS = YES;
				ENABLE_USER_SELECTED_FILES = readonly;
				GENERATE_INFOPLIST_FILE = NO;
				INFOPLIST_FILE = ../Sources/DesktopSprite/Info.plist;
				INFOPLIST_KEY_NSHumanReadableCopyright = "";
				LD_RUNPATH_SEARCH_PATHS = (
					"$(inherited)",
					"@executable_path/../Frameworks",
				);
				MACOSX_DEPLOYMENT_TARGET = 13.5;
				MARKETING_VERSION = 1.0;
				PRODUCT_BUNDLE_IDENTIFIER = sayge.dev.DesktopSprite;
				PRODUCT_NAME = "$(TARGET_NAME)";
				REGISTER_APP_GROUPS = YES;
				STRING_CATALOG_GENERATE_SYMBOLS = YES;
				SWIFT_APPROACHABLE_CONCURRENCY = YES;
				SWIFT_DEFAULT_ACTOR_ISOLATION = MainActor;
				SWIFT_EMIT_LOC_STRINGS = YES;
				SWIFT_UPCOMING_FEATURE_MEMBER_IMPORT_VISIBILITY = YES;
				SWIFT_VERSION = 5.0;
			};
			name = Release;
		};
/* End XCBuildConfiguration section */

/* Begin XCConfigurationList section */
		1B5F56F6301C36B60097E205 /* Build configuration list for PBXProject "DesktopSprite" */ = {
			isa = XCConfigurationList;
			buildConfigurations = (
				1B5F5704301C36B70097E205 /* Debug */,
				1B5F5705301C36B70097E205 /* Release */,
			);
			defaultConfigurationIsVisible = 0;
			defaultConfigurationName = Release;
		};
		1B5F5706301C36B70097E205 /* Build configuration list for PBXNativeTarget "DesktopSprite" */ = {
			isa = XCConfigurationList;
			buildConfigurations = (
				1B5F5707301C36B70097E205 /* Debug */,
				1B5F5708301C36B70097E205 /* Release */,
			);
			defaultConfigurationIsVisible = 0;
			defaultConfigurationName = Release;
		};
/* End XCConfigurationList section */
	};
	rootObject = 1B5F56F3301C36B60097E205 /* Project object */;
}
